
Microsoft Visual Studio Solution File, Format Version 12.00
# Visual Studio Version 17
VisualStudioVersion = 17.11.35327.3
MinimumVisualStudioVersion = 10.0.40219.1
Project("{FAE04EC0-301F-11D3-BF4B-00C04F79EFBC}") = "Examen1", "Examen1\Examen1.csproj", "{4D7D4EA8-AA30-4D9E-8C0C-579F36468A47}"
EndProject
Global
	GlobalSection(SolutionConfigurationPlatforms) = preSolution
		Debug|Any CPU = Debug|Any CPU
		Release|Any CPU = Release|Any CPU
	EndGlobalSection
	GlobalSection(ProjectConfigurationPlatforms) = postSolution
		{4D7D4EA8-AA30-4D9E-8C0C-579F36468A47}.Debug|Any CPU.ActiveCfg = Debug|Any CPU
		{4D7D4EA8-AA30-4D9E-8C0C-579F36468A47}.Debug|Any CPU.Build.0 = Debug|Any CPU
		{4D7D4EA8-AA30-4D9E-8C0C-579F36468A47}.Release|Any CPU.ActiveCfg = Release|Any CPU
		{4D7D4EA8-AA30-4D9E-8C0C-579F36468A47}.Release|Any CPU.Build.0 = Release|Any CPU
	EndGlobalSection
	GlobalSection(SolutionProperties) = preSolution
		HideSolutionNode = FALSE
	EndGlobalSection
	GlobalSection(ExtensibilityGlobals) = postSolution
		SolutionGuid = {D0A42ED9-42C5-4433-8A9B-FA9F19B7B580}
	EndGlobalSection
EndGlobal
